
Microsoft Visual Studio Solution File, Format Version 12.00
# Visual Studio Version 16
VisualStudioVersion = 16.0.30907.101
MinimumVisualStudioVersion = 10.0.40219.1
Project("{FAE04EC0-301F-11D3-BF4B-00C04F79EFBC}") = "WebApplicationClient", "WebApplicationClient\WebApplicationClient.csproj", "{99FE8D23-533F-4BC2-B4D7-D5CD93F5D8E8}"
EndProject
Project("{FAE04EC0-301F-11D3-BF4B-00C04F79EFBC}") = "WebApplicationWorker", "WebApplicationWorker\WebApplicationWorker.csproj", "{B1965D1F-6FEA-41A7-961A-3CD20DD7DEC2}"
EndProject
Project("{FAE04EC0-301F-11D3-BF4B-00C04F79EFBC}") = "CTODatabaseImplement", "CTODatabaseImplement\CTODatabaseImplement.csproj", "{87145349-CC29-4904-870E-61DB3A594103}"
EndProject
Project("{FAE04EC0-301F-11D3-BF4B-00C04F79EFBC}") = "CTOBusinessLogic", "CTOBusinessLogic\CTOBusinessLogic.csproj", "{3C144106-2745-4AC2-8F92-77CA7B189F2C}"
EndProject
Project("{FAE04EC0-301F-11D3-BF4B-00C04F79EFBC}") = "RestApi", "RestApi\RestApi.csproj", "{0C594151-E107-4F8E-B0DF-A73FC67A4F5D}"
EndProject
Global
	GlobalSection(SolutionConfigurationPlatforms) = preSolution
		Debug|Any CPU = Debug|Any CPU
		Release|Any CPU = Release|Any CPU
	EndGlobalSection
	GlobalSection(ProjectConfigurationPlatforms) = postSolution
		{99FE8D23-533F-4BC2-B4D7-D5CD93F5D8E8}.Debug|Any CPU.ActiveCfg = Debug|Any CPU
		{99FE8D23-533F-4BC2-B4D7-D5CD93F5D8E8}.Debug|Any CPU.Build.0 = Debug|Any CPU
		{99FE8D23-533F-4BC2-B4D7-D5CD93F5D8E8}.Release|Any CPU.ActiveCfg = Release|Any CPU
		{99FE8D23-533F-4BC2-B4D7-D5CD93F5D8E8}.Release|Any CPU.Build.0 = Release|Any CPU
		{B1965D1F-6FEA-41A7-961A-3CD20DD7DEC2}.Debug|Any CPU.ActiveCfg = Debug|Any CPU
		{B1965D1F-6FEA-41A7-961A-3CD20DD7DEC2}.Debug|Any CPU.Build.0 = Debug|Any CPU
		{B1965D1F-6FEA-41A7-961A-3CD20DD7DEC2}.Release|Any CPU.ActiveCfg = Release|Any CPU
		{B1965D1F-6FEA-41A7-961A-3CD20DD7DEC2}.Release|Any CPU.Build.0 = Release|Any CPU
		{87145349-CC29-4904-870E-61DB3A594103}.Debug|Any CPU.ActiveCfg = Debug|Any CPU
		{87145349-CC29-4904-870E-61DB3A594103}.Debug|Any CPU.Build.0 = Debug|Any CPU
		{87145349-CC29-4904-870E-61DB3A594103}.Release|Any CPU.ActiveCfg = Release|Any CPU
		{87145349-CC29-4904-870E-61DB3A594103}.Release|Any CPU.Build.0 = Release|Any CPU
		{3C144106-2745-4AC2-8F92-77CA7B189F2C}.Debug|Any CPU.ActiveCfg = Debug|Any CPU
		{3C144106-2745-4AC2-8F92-77CA7B189F2C}.Debug|Any CPU.Build.0 = Debug|Any CPU
		{3C144106-2745-4AC2-8F92-77CA7B189F2C}.Release|Any CPU.ActiveCfg = Release|Any CPU
		{3C144106-2745-4AC2-8F92-77CA7B189F2C}.Release|Any CPU.Build.0 = Release|Any CPU
		{0C594151-E107-4F8E-B0DF-A73FC67A4F5D}.Debug|Any CPU.ActiveCfg = Debug|Any CPU
		{0C594151-E107-4F8E-B0DF-A73FC67A4F5D}.Debug|Any CPU.Build.0 = Debug|Any CPU
		{0C594151-E107-4F8E-B0DF-A73FC67A4F5D}.Release|Any CPU.ActiveCfg = Release|Any CPU
		{0C594151-E107-4F8E-B0DF-A73FC67A4F5D}.Release|Any CPU.Build.0 = Release|Any CPU
	EndGlobalSection
	GlobalSection(SolutionProperties) = preSolution
		HideSolutionNode = FALSE
	EndGlobalSection
	GlobalSection(ExtensibilityGlobals) = postSolution
		SolutionGuid = {38185671-9FDF-47EE-833C-88F9CE8E099A}
	EndGlobalSection
EndGlobal
